
Microsoft Visual Studio Solution File, Format Version 12.00
# Visual Studio Version 17
VisualStudioVersion = 17.6.33815.320
MinimumVisualStudioVersion = 10.0.40219.1
Project("{FAE04EC0-301F-11D3-BF4B-00C04F79EFBC}") = "OnChipRssiRead", "ReadAsync\OnChipRssiRead.csproj", "{B3C83859-F3F5-495E-AF96-701B1EF8148A}"
EndProject
Global
	GlobalSection(SolutionConfigurationPlatforms) = preSolution
		Debug|Any CPU = Debug|Any CPU
		Release|Any CPU = Release|Any CPU
	EndGlobalSection
	GlobalSection(ProjectConfigurationPlatforms) = postSolution
		{B3C83859-F3F5-495E-AF96-701B1EF8148A}.Debug|Any CPU.ActiveCfg = Debug|Any CPU
		{B3C83859-F3F5-495E-AF96-701B1EF8148A}.Debug|Any CPU.Build.0 = Debug|Any CPU
		{B3C83859-F3F5-495E-AF96-701B1EF8148A}.Release|Any CPU.ActiveCfg = Release|Any CPU
		{B3C83859-F3F5-495E-AF96-701B1EF8148A}.Release|Any CPU.Build.0 = Release|Any CPU
	EndGlobalSection
	GlobalSection(SolutionProperties) = preSolution
		HideSolutionNode = FALSE
	EndGlobalSection
	GlobalSection(ExtensibilityGlobals) = postSolution
		SolutionGuid = {C99444B5-92FD-4939-8511-63FE28523970}
	EndGlobalSection
EndGlobal
